
Microsoft Visual Studio Solution File, Format Version 12.00
# Visual Studio Version 17
VisualStudioVersion = 17.2.32526.322
MinimumVisualStudioVersion = 10.0.40219.1
Project("{9A19103F-16F7-4668-BE54-9A1E7A4F7556}") = "NileCapitalCruises.API", "NileCapitalCruises.API\NileCapitalCruises.API.csproj", "{4EB8EAF2-E8C7-4FE8-B187-298A6E01922B}"
EndProject
Project("{9A19103F-16F7-4668-BE54-9A1E7A4F7556}") = "NileCapitalCruises.Core", "NileCapitalCruises.Core\NileCapitalCruises.Core.csproj", "{5B0F9B29-F561-42E6-BC8F-AA6F2C7BF4A4}"
EndProject
Project("{9A19103F-16F7-4668-BE54-9A1E7A4F7556}") = "NileCapitalCruises.Infrastructure", "NileCapitalCruises.Infrastructure\NileCapitalCruises.Infrastructure.csproj", "{FD80B531-A60C-4BD0-BDC2-B8374D98C193}"
EndProject
Global
	GlobalSection(SolutionConfigurationPlatforms) = preSolution
		Debug|Any CPU = Debug|Any CPU
		Release|Any CPU = Release|Any CPU
	EndGlobalSection
	GlobalSection(ProjectConfigurationPlatforms) = postSolution
		{4EB8EAF2-E8C7-4FE8-B187-298A6E01922B}.Debug|Any CPU.ActiveCfg = Debug|Any CPU
		{4EB8EAF2-E8C7-4FE8-B187-298A6E01922B}.Debug|Any CPU.Build.0 = Debug|Any CPU
		{4EB8EAF2-E8C7-4FE8-B187-298A6E01922B}.Release|Any CPU.ActiveCfg = Release|Any CPU
		{4EB8EAF2-E8C7-4FE8-B187-298A6E01922B}.Release|Any CPU.Build.0 = Release|Any CPU
		{5B0F9B29-F561-42E6-BC8F-AA6F2C7BF4A4}.Debug|Any CPU.ActiveCfg = Debug|Any CPU
		{5B0F9B29-F561-42E6-BC8F-AA6F2C7BF4A4}.Debug|Any CPU.Build.0 = Debug|Any CPU
		{5B0F9B29-F561-42E6-BC8F-AA6F2C7BF4A4}.Release|Any CPU.ActiveCfg = Release|Any CPU
		{5B0F9B29-F561-42E6-BC8F-AA6F2C7BF4A4}.Release|Any CPU.Build.0 = Release|Any CPU
		{FD80B531-A60C-4BD0-BDC2-B8374D98C193}.Debug|Any CPU.ActiveCfg = Debug|Any CPU
		{FD80B531-A60C-4BD0-BDC2-B8374D98C193}.Debug|Any CPU.Build.0 = Debug|Any CPU
		{FD80B531-A60C-4BD0-BDC2-B8374D98C193}.Release|Any CPU.ActiveCfg = Release|Any CPU
		{FD80B531-A60C-4BD0-BDC2-B8374D98C193}.Release|Any CPU.Build.0 = Release|Any CPU
	EndGlobalSection
	GlobalSection(SolutionProperties) = preSolution
		HideSolutionNode = FALSE
	EndGlobalSection
	GlobalSection(ExtensibilityGlobals) = postSolution
		SolutionGuid = {60A052A7-5527-47FD-AD46-FCD9BE0CD3C2}
	EndGlobalSection
EndGlobal
